Microsoft Visual Studio Solution File, Format Version 12.00
# Visual Studio Version 17
VisualStudioVersion = 17.5.2.0
MinimumVisualStudioVersion = 10.0.40219.1
Project("{FAE04EC0-301F-11D3-BF4B-00C04F79EFBC}") = "ProductosAppQ4", "ProductosAppQ4.csproj", "{9F58EC09-C79A-F130-1CB3-B8D39783C4A9}"
EndProject
Global
	GlobalSection(SolutionConfigurationPlatforms) = preSolution
		Debug|Any CPU = Debug|Any CPU
		Release|Any CPU = Release|Any CPU
	EndGlobalSection
	GlobalSection(ProjectConfigurationPlatforms) = postSolution
		{9F58EC09-C79A-F130-1CB3-B8D39783C4A9}.Debug|Any CPU.ActiveCfg = Debug|Any CPU
		{9F58EC09-C79A-F130-1CB3-B8D39783C4A9}.Debug|Any CPU.Build.0 = Debug|Any CPU
		{9F58EC09-C79A-F130-1CB3-B8D39783C4A9}.Release|Any CPU.ActiveCfg = Release|Any CPU
		{9F58EC09-C79A-F130-1CB3-B8D39783C4A9}.Release|Any CPU.Build.0 = Release|Any CPU
	EndGlobalSection
	GlobalSection(SolutionProperties) = preSolution
		HideSolutionNode = FALSE
	EndGlobalSection
	GlobalSection(ExtensibilityGlobals) = postSolution
		SolutionGuid = {0885AFCF-328E-4263-81C9-1576C895E465}
	EndGlobalSection
EndGlobal
